
Microsoft Visual Studio Solution File, Format Version 12.00
# Visual Studio Version 17
VisualStudioVersion = 17.4.33205.214
MinimumVisualStudioVersion = 10.0.40219.1
Project("{FAE04EC0-301F-11D3-BF4B-00C04F79EFBC}") = "Tutorial_4", "Tutorial_4\Tutorial_4.csproj", "{29D98A8A-7863-437C-8ACA-B83FFABB6F8C}"
EndProject
Global
	GlobalSection(SolutionConfigurationPlatforms) = preSolution
		Debug|Any CPU = Debug|Any CPU
		Release|Any CPU = Release|Any CPU
	EndGlobalSection
	GlobalSection(ProjectConfigurationPlatforms) = postSolution
		{29D98A8A-7863-437C-8ACA-B83FFABB6F8C}.Debug|Any CPU.ActiveCfg = Debug|Any CPU
		{29D98A8A-7863-437C-8ACA-B83FFABB6F8C}.Debug|Any CPU.Build.0 = Debug|Any CPU
		{29D98A8A-7863-437C-8ACA-B83FFABB6F8C}.Release|Any CPU.ActiveCfg = Release|Any CPU
		{29D98A8A-7863-437C-8ACA-B83FFABB6F8C}.Release|Any CPU.Build.0 = Release|Any CPU
	EndGlobalSection
	GlobalSection(SolutionProperties) = preSolution
		HideSolutionNode = FALSE
	EndGlobalSection
	GlobalSection(ExtensibilityGlobals) = postSolution
		SolutionGuid = {C36DF151-4B09-4BC6-860E-44927ADC9C64}
	EndGlobalSection
EndGlobal
