
Microsoft Visual Studio Solution File, Format Version 12.00
# Visual Studio Version 17
VisualStudioVersion = 17.4.33205.214
MinimumVisualStudioVersion = 10.0.40219.1
Project("{FAE04EC0-301F-11D3-BF4B-00C04F79EFBC}") = "Tutorial_2", "Tutorial_2\Tutorial_2.csproj", "{E17BC1EB-45D1-41E4-9EF8-C6F0F9ACA053}"
EndProject
Global
	GlobalSection(SolutionConfigurationPlatforms) = preSolution
		Debug|Any CPU = Debug|Any CPU
		Release|Any CPU = Release|Any CPU
	EndGlobalSection
	GlobalSection(ProjectConfigurationPlatforms) = postSolution
		{E17BC1EB-45D1-41E4-9EF8-C6F0F9ACA053}.Debug|Any CPU.ActiveCfg = Debug|Any CPU
		{E17BC1EB-45D1-41E4-9EF8-C6F0F9ACA053}.Debug|Any CPU.Build.0 = Debug|Any CPU
		{E17BC1EB-45D1-41E4-9EF8-C6F0F9ACA053}.Release|Any CPU.ActiveCfg = Release|Any CPU
		{E17BC1EB-45D1-41E4-9EF8-C6F0F9ACA053}.Release|Any CPU.Build.0 = Release|Any CPU
	EndGlobalSection
	GlobalSection(SolutionProperties) = preSolution
		HideSolutionNode = FALSE
	EndGlobalSection
	GlobalSection(ExtensibilityGlobals) = postSolution
		SolutionGuid = {8D122C4C-8466-4254-9BB3-6CC90AC40E55}
	EndGlobalSection
EndGlobal
